// !$*UTF8*$!
{
	archiveVersion = 1;
	classes = {
	};
	objectVersion = 48;
	objects = {

/* Begin PBXBuildFile section */
		7A1463432074085000861764 /* AppDelegate.swift in Sources */ = {isa = PBXBuildFile; fileRef = 7A1463422074085000861764 /* AppDelegate.swift */; };
		7A1463452074085000861764 /* ViewController.swift in Sources */ = {isa = PBXBuildFile; fileRef = 7A1463442074085000861764 /* ViewController.swift */; };
		7A1463482074085000861764 /* Main.storyboard in Resources */ = {isa = PBXBuildFile; fileRef = 7A1463462074085000861764 /* Main.storyboard */; };
		7A14634A2074085000861764 /* Assets.xcassets in Resources */ = {isa = PBXBuildFile; fileRef = 7A1463492074085000861764 /* Assets.xcassets */; };
		7A14634D2074085000861764 /* LaunchScreen.storyboard in Resources */ = {isa = PBXBuildFile; fileRef = 7A14634B2074085000861764 /* LaunchScreen.storyboard */; };
		7A1463582074085000861764 /* World_TrakingTests.swift in Sources */ = {isa = PBXBuildFile; fileRef = 7A1463572074085000861764 /* World_TrakingTests.swift */; };
		7A1463632074085000861764 /* World_TrakingUITests.swift in Sources */ = {isa = PBXBuildFile; fileRef = 7A1463622074085000861764 /* World_TrakingUITests.swift */; };
/* End PBXBuildFile section */

/* Begin PBXContainerItemProxy section */
		7A1463542074085000861764 /* PBXContainerItemProxy */ = {
			isa = PBXContainerItemProxy;
			containerPortal = 7A1463372074085000861764 /* Project object */;
			proxyType = 1;
			remoteGlobalIDString = 7A14633E2074085000861764;
			remoteInfo = "World Traking";
		};
		7A14635F2074085000861764 /* PBXContainerItemProxy */ = {
			isa = PBXContainerItemProxy;
			containerPortal = 7A1463372074085000861764 /* Project object */;
			proxyType = 1;
			remoteGlobalIDString = 7A14633E2074085000861764;
			remoteInfo = "World Traking";
		};
/* End PBXContainerItemProxy section */

/* Begin PBXFileReference section */
		7A14633F2074085000861764 /* World Traking.app */ = {isa = PBXFileReference; explicitFileType = wrapper.application; includeInIndex = 0; path = "World Traking.app"; sourceTree = BUILT_PRODUCTS_DIR; };
		7A1463422074085000861764 /* AppDelegate.swift */ = {isa = PBXFileReference; lastKnownFileType = sourcecode.swift; path = AppDelegate.swift; sourceTree = "<group>"; };
		7A1463442074085000861764 /* ViewController.swift */ = {isa = PBXFileReference; lastKnownFileType = sourcecode.swift; path = ViewController.swift; sourceTree = "<group>"; };
		7A1463472074085000861764 /* Base */ = {isa = PBXFileReference; lastKnownFileType = file.storyboard; name = Base; path = Base.lproj/Main.storyboard; sourceTree = "<group>"; };
		7A1463492074085000861764 /* Assets.xcassets */ = {isa = PBXFileReference; lastKnownFileType = folder.assetcatalog; path = Assets.xcassets; sourceTree = "<group>"; };
		7A14634C2074085000861764 /* Base */ = {isa = PBXFileReference; lastKnownFileType = file.storyboard; name = Base; path = Base.lproj/LaunchScreen.storyboard; sourceTree = "<group>"; };
		7A14634E2074085000861764 /* Info.plist */ = {isa = PBXFileReference; lastKnownFileType = text.plist.xml; path = Info.plist; sourceTree = "<group>"; };
		7A1463532074085000861764 /* World TrakingTests.xctest */ = {isa = PBXFileReference; explicitFileType = wrapper.cfbundle; includeInIndex = 0; path = "World TrakingTests.xctest"; sourceTree = BUILT_PRODUCTS_DIR; };
		7A1463572074085000861764 /* World_TrakingTests.swift */ = {isa = PBXFileReference; lastKnownFileType = sourcecode.swift; path = World_TrakingTests.swift; sourceTree = "<group>"; };
		7A1463592074085000861764 /* Info.plist */ = {isa = PBXFileReference; lastKnownFileType = text.plist.xml; path = Info.plist; sourceTree = "<group>"; };
		7A14635E2074085000861764 /* World TrakingUITests.xctest */ = {isa = PBXFileReference; explicitFileType = wrapper.cfbundle; includeInIndex = 0; path = "World TrakingUITests.xctest"; sourceTree = BUILT_PRODUCTS_DIR; };
		7A1463622074085000861764 /* World_TrakingUITests.swift */ = {isa = PBXFileReference; lastKnownFileType = sourcecode.swift; path = World_TrakingUITests.swift; sourceTree = "<group>"; };
		7A1463642074085000861764 /* Info.plist */ = {isa = PBXFileReference; lastKnownFileType = text.plist.xml; path = Info.plist; sourceTree = "<group>"; };
/* End PBXFileReference section */

/* Begin PBXFrameworksBuildPhase section */
		7A14633C2074085000861764 /* Frameworks */ = {
			isa = PBXFrameworksBuildPhase;
			buildActionMask = 2147483647;
			files = (
			);
			runOnlyForDeploymentPostprocessing = 0;
		};
		7A1463502074085000861764 /* Frameworks */ = {
			isa = PBXFrameworksBuildPhase;
			buildActionMask = 2147483647;
			files = (
			);
			runOnlyForDeploymentPostprocessing = 0;
		};
		7A14635B2074085000861764 /* Frameworks */ = {
			isa = PBXFrameworksBuildPhase;
			buildActionMask = 2147483647;
			files = (
			);
			runOnlyForDeploymentPostprocessing = 0;
		};
/* End PBXFrameworksBuildPhase section */

/* Begin PBXGroup section */
		7A1463362074085000861764 = {
			isa = PBXGroup;
			children = (
				7A1463412074085000861764 /* World Traking */,
				7A1463562074085000861764 /* World TrakingTests */,
				7A1463612074085000861764 /* World TrakingUITests */,
				7A1463402074085000861764 /* Products */,
			);
			sourceTree = "<group>";
		};
		7A1463402074085000861764 /* Products */ = {
			isa = PBXGroup;
			children = (
				7A14633F2074085000861764 /* World Traking.app */,
				7A1463532074085000861764 /* World TrakingTests.xctest */,
				7A14635E2074085000861764 /* World TrakingUITests.xctest */,
			);
			name = Products;
			sourceTree = "<group>";
		};
		7A1463412074085000861764 /* World Traking */ = {
			isa = PBXGroup;
			children = (
				7A1463422074085000861764 /* AppDelegate.swift */,
				7A1463442074085000861764 /* ViewController.swift */,
				7A1463462074085000861764 /* Main.storyboard */,
				7A1463492074085000861764 /* Assets.xcassets */,
				7A14634B2074085000861764 /* LaunchScreen.storyboard */,
				7A14634E2074085000861764 /* Info.plist */,
			);
			path = "World Traking";
			sourceTree = "<group>";
		};
		7A1463562074085000861764 /* World TrakingTests */ = {
			isa = PBXGroup;
			children = (
				7A1463572074085000861764 /* World_TrakingTests.swift */,
				7A1463592074085000861764 /* Info.plist */,
			);
			path = "World TrakingTests";
			sourceTree = "<group>";
		};
		7A1463612074085000861764 /* World TrakingUITests */ = {
			isa = PBXGroup;
			children = (
				7A1463622074085000861764 /* World_TrakingUITests.swift */,
				7A1463642074085000861764 /* Info.plist */,
			);
			path = "World TrakingUITests";
			sourceTree = "<group>";
		};
/* End PBXGroup section */

/* Begin PBXNativeTarget section */
		7A14633E2074085000861764 /* World Traking */ = {
			isa = PBXNativeTarget;
			buildConfigurationList = 7A1463672074085000861764 /* Build configuration list for PBXNativeTarget "World Traking" */;
			buildPhases = (
				7A14633B2074085000861764 /* Sources */,
				7A14633C2074085000861764 /* Frameworks */,
				7A14633D2074085000861764 /* Resources */,
			);
			buildRules = (
			);
			dependencies = (
			);
			name = "World Traking";
			productName = "World Traking";
			productReference = 7A14633F2074085000861764 /* World Traking.app */;
			productType = "com.apple.product-type.application";
		};
		7A1463522074085000861764 /* World TrakingTests */ = {
			isa = PBXNativeTarget;
			buildConfigurationList = 7A14636A2074085000861764 /* Build configuration list for PBXNativeTarget "World TrakingTests" */;
			buildPhases = (
				7A14634F2074085000861764 /* Sources */,
				7A1463502074085000861764 /* Frameworks */,
				7A1463512074085000861764 /* Resources */,
			);
			buildRules = (
			);
			dependencies = (
				7A1463552074085000861764 /* PBXTargetDependency */,
			);
			name = "World TrakingTests";
			productName = "World TrakingTests";
			productReference = 7A1463532074085000861764 /* World TrakingTests.xctest */;
			productType = "com.apple.product-type.bundle.unit-test";
		};
		7A14635D2074085000861764 /* World TrakingUITests */ = {
			isa = PBXNativeTarget;
			buildConfigurationList = 7A14636D2074085000861764 /* Build configuration list for PBXNativeTarget "World TrakingUITests" */;
			buildPhases = (
				7A14635A2074085000861764 /* Sources */,
				7A14635B2074085000861764 /* Frameworks */,
				7A14635C2074085000861764 /* Resources */,
			);
			buildRules = (
			);
			dependencies = (
				7A1463602074085000861764 /* PBXTargetDependency */,
			);
			name = "World TrakingUITests";
			productName = "World TrakingUITests";
			productReference = 7A14635E2074085000861764 /* World TrakingUITests.xctest */;
			productType = "com.apple.product-type.bundle.ui-testing";
		};
/* End PBXNativeTarget section */

/* Begin PBXProject section */
		7A1463372074085000861764 /* Project object */ = {
			isa = PBXProject;
			attributes = {
				LastSwiftUpdateCheck = 0920;
				LastUpgradeCheck = 0920;
				ORGANIZATIONNAME = spartdark;
				TargetAttributes = {
					7A14633E2074085000861764 = {
						CreatedOnToolsVersion = 9.2;
						ProvisioningStyle = Automatic;
					};
					7A1463522074085000861764 = {
						CreatedOnToolsVersion = 9.2;
						ProvisioningStyle = Automatic;
						TestTargetID = 7A14633E2074085000861764;
					};
					7A14635D2074085000861764 = {
						CreatedOnToolsVersion = 9.2;
						ProvisioningStyle = Automatic;
						TestTargetID = 7A14633E2074085000861764;
					};
				};
			};
			buildConfigurationList = 7A14633A2074085000861764 /* Build configuration list for PBXProject "World Traking" */;
			compatibilityVersion = "Xcode 8.0";
			developmentRegion = en;
			hasScannedForEncodings = 0;
			knownRegions = (
				en,
				Base,
			);
			mainGroup = 7A1463362074085000861764;
			productRefGroup = 7A1463402074085000861764 /* Products */;
			projectDirPath = "";
			projectRoot = "";
			targets = (
				7A14633E2074085000861764 /* World Traking */,
				7A1463522074085000861764 /* World TrakingTests */,
				7A14635D2074085000861764 /* World TrakingUITests */,
			);
		};
/* End PBXProject section */

/* Begin PBXResourcesBuildPhase section */
		7A14633D2074085000861764 /* Resources */ = {
			isa = PBXResourcesBuildPhase;
			buildActionMask = 2147483647;
			files = (
				7A14634D2074085000861764 /* LaunchScreen.storyboard in Resources */,
				7A14634A2074085000861764 /* Assets.xcassets in Resources */,
				7A1463482074085000861764 /* Main.storyboard in Resources */,
			);
			runOnlyForDeploymentPostprocessing = 0;
		};
		7A1463512074085000861764 /* Resources */ = {
			isa = PBXResourcesBuildPhase;
			buildActionMask = 2147483647;
			files = (
			);
			runOnlyForDeploymentPostprocessing = 0;
		};
		7A14635C2074085000861764 /* Resources */ = {
			isa = PBXResourcesBuildPhase;
			buildActionMask = 2147483647;
			files = (
			);
			runOnlyForDeploymentPostprocessing = 0;
		};
/* End PBXResourcesBuildPhase section */

/* Begin PBXSourcesBuildPhase section */
		7A14633B2074085000861764 /* Sources */ = {
			isa = PBXSourcesBuildPhase;
			buildActionMask = 2147483647;
			files = (
				7A1463452074085000861764 /* ViewController.swift in Sources */,
				7A1463432074085000861764 /* AppDelegate.swift in Sources */,
			);
			runOnlyForDeploymentPostprocessing = 0;
		};
		7A14634F2074085000861764 /* Sources */ = {
			isa = PBXSourcesBuildPhase;
			buildActionMask = 2147483647;
			files = (
				7A1463582074085000861764 /* World_TrakingTests.swift in Sources */,
			);
			runOnlyForDeploymentPostprocessing = 0;
		};
		7A14635A2074085000861764 /* Sources */ = {
			isa = PBXSourcesBuildPhase;
			buildActionMask = 2147483647;
			files = (
				7A1463632074085000861764 /* World_TrakingUITests.swift in Sources */,
			);
			runOnlyForDeploymentPostprocessing = 0;
		};
/* End PBXSourcesBuildPhase section */

/* Begin PBXTargetDependency section */
		7A1463552074085000861764 /* PBXTargetDependency */ = {
			isa = PBXTargetDependency;
			target = 7A14633E2074085000861764 /* World Traking */;
			targetProxy = 7A1463542074085000861764 /* PBXContainerItemProxy */;
		};
		7A1463602074085000861764 /* PBXTargetDependency */ = {
			isa = PBXTargetDependency;
			target = 7A14633E2074085000861764 /* World Traking */;
			targetProxy = 7A14635F2074085000861764 /* PBXContainerItemProxy */;
		};
/* End PBXTargetDependency section */

/* Begin PBXVariantGroup section */
		7A1463462074085000861764 /* Main.storyboard */ = {
			isa = PBXVariantGroup;
			children = (
				7A1463472074085000861764 /* Base */,
			);
			name = Main.storyboard;
			sourceTree = "<group>";
		};
		7A14634B2074085000861764 /* LaunchScreen.storyboard */ = {
			isa = PBXVariantGroup;
			children = (
				7A14634C2074085000861764 /* Base */,
			);
			name = LaunchScreen.storyboard;
			sourceTree = "<group>";
		};
/* End PBXVariantGroup section */

/* Begin XCBuildConfiguration section */
		7A1463652074085000861764 /* Debug */ = {
			isa = XCBuildConfiguration;
			buildSettings = {
				ALWAYS_SEARCH_USER_PATHS = NO;
				CLANG_ANALYZER_NONNULL = YES;
				CLANG_ANALYZER_NUMBER_OBJECT_CONVERSION = YES_AGGRESSIVE;
				CLANG_CXX_LANGUAGE_STANDARD = "gnu++14";
				CLANG_CXX_LIBRARY = "libc++";
				CLANG_ENABLE_MODULES = YES;
				CLANG_ENABLE_OBJC_ARC = YES;
				CLANG_WARN_BLOCK_CAPTURE_AUTORELEASING = YES;
				CLANG_WARN_BOOL_CONVERSION = YES;
				CLANG_WARN_COMMA = YES;
				CLANG_WARN_CONSTANT_CONVERSION = YES;
				CLANG_WARN_DIRECT_OBJC_ISA_USAGE = YES_ERROR;
				CLANG_WARN_DOCUMENTATION_COMMENTS = YES;
				CLANG_WARN_EMPTY_BODY = YES;
				CLANG_WARN_ENUM_CONVERSION = YES;
				CLANG_WARN_INFINITE_RECURSION = YES;
				CLANG_WARN_INT_CONVERSION = YES;
				CLANG_WARN_NON_LITERAL_NULL_CONVERSION = YES;
				CLANG_WARN_OBJC_LITERAL_CONVERSION = YES;
				CLANG_WARN_OBJC_ROOT_CLASS = YES_ERROR;
				CLANG_WARN_RANGE_LOOP_ANALYSIS = YES;
				CLANG_WARN_STRICT_PROTOTYPES = YES;
				CLANG_WARN_SUSPICIOUS_MOVE = YES;
				CLANG_WARN_UNGUARDED_AVAILABILITY = YES_AGGRESSIVE;
				CLANG_WARN_UNREACHABLE_CODE = YES;
				CLANG_WARN__DUPLICATE_METHOD_MATCH = YES;
				CODE_SIGN_IDENTITY = "iPhone Developer";
				COPY_PHASE_STRIP = NO;
				DEBUG_INFORMATION_FORMAT = dwarf;
				ENABLE_STRICT_OBJC_MSGSEND = YES;
				ENABLE_TESTABILITY = YES;
				GCC_C_LANGUAGE_STANDARD = gnu11;
				GCC_DYNAMIC_NO_PIC = NO;
				GCC_NO_COMMON_BLOCKS = YES;
				GCC_OPTIMIZATION_LEVEL = 0;
				GCC_PREPROCESSOR_DEFINITIONS = (
					"DEBUG=1",
					"$(inherited)",
				);
				GCC_WARN_64_TO_32_BIT_CONVERSION = YES;
				GCC_WARN_ABOUT_RETURN_TYPE = YES_ERROR;
				GCC_WARN_UNDECLARED_SELECTOR = YES;
				GCC_WARN_UNINITIALIZED_AUTOS = YES_AGGRESSIVE;
				GCC_WARN_UNUSED_FUNCTION = YES;
				GCC_WARN_UNUSED_VARIABLE = YES;
				IPHONEOS_DEPLOYMENT_TARGET = 11.2;
				MTL_ENABLE_DEBUG_INFO = YES;
				ONLY_ACTIVE_ARCH = YES;
				SDKROOT = iphoneos;
				SWIFT_ACTIVE_COMPILATION_CONDITIONS = DEBUG;
				SWIFT_OPTIMIZATION_LEVEL = "-Onone";
			};
			name = Debug;
		};
		7A1463662074085000861764 /* Release */ = {
			isa = XCBuildConfiguration;
			buildSettings = {
				ALWAYS_SEARCH_USER_PATHS = NO;
				CLANG_ANALYZER_NONNULL = YES;
				CLANG_ANALYZER_NUMBER_OBJECT_CONVERSION = YES_AGGRESSIVE;
				CLANG_CXX_LANGUAGE_STANDARD = "gnu++14";
				CLANG_CXX_LIBRARY = "libc++";
				CLANG_ENABLE_MODULES = YES;
				CLANG_ENABLE_OBJC_ARC = YES;
				CLANG_WARN_BLOCK_CAPTURE_AUTORELEASING = YES;
				CLANG_WARN_BOOL_CONVERSION = YES;
				CLANG_WARN_COMMA = YES;
				CLANG_WARN_CONSTANT_CONVERSION = YES;
				CLANG_WARN_DIRECT_OBJC_ISA_USAGE = YES_ERROR;
				CLANG_WARN_DOCUMENTATION_COMMENTS = YES;
				CLANG_WARN_EMPTY_BODY = YES;
				CLANG_WARN_ENUM_CONVERSION = YES;
				CLANG_WARN_INFINITE_RECURSION = YES;
				CLANG_WARN_INT_CONVERSION = YES;
				CLANG_WARN_NON_LITERAL_NULL_CONVERSION = YES;
				CLANG_WARN_OBJC_LITERAL_CONVERSION = YES;
				CLANG_WARN_OBJC_ROOT_CLASS = YES_ERROR;
				CLANG_WARN_RANGE_LOOP_ANALYSIS = YES;
				CLANG_WARN_STRICT_PROTOTYPES = YES;
				CLANG_WARN_SUSPICIOUS_MOVE = YES;
				CLANG_WARN_UNGUARDED_AVAILABILITY = YES_AGGRESSIVE;
				CLANG_WARN_UNREACHABLE_CODE = YES;
				CLANG_WARN__DUPLICATE_METHOD_MATCH = YES;
				CODE_SIGN_IDENTITY = "iPhone Developer";
				COPY_PHASE_STRIP = NO;
				DEBUG_INFORMATION_FORMAT = "dwarf-with-dsym";
				ENABLE_NS_ASSERTIONS = NO;
				ENABLE_STRICT_OBJC_MSGSEND = YES;
				GCC_C_LANGUAGE_STANDARD = gnu11;
				GCC_NO_COMMON_BLOCKS = YES;
				GCC_WARN_64_TO_32_BIT_CONVERSION = YES;
				GCC_WARN_ABOUT_RETURN_TYPE = YES_ERROR;
				GCC_WARN_UNDECLARED_SELECTOR = YES;
				GCC_WARN_UNINITIALIZED_AUTOS = YES_AGGRESSIVE;
				GCC_WARN_UNUSED_FUNCTION = YES;
				GCC_WARN_UNUSED_VARIABLE = YES;
				IPHONEOS_DEPLOYMENT_TARGET = 11.2;
				MTL_ENABLE_DEBUG_INFO = NO;
				SDKROOT = iphoneos;
				SWIFT_OPTIMIZATION_LEVEL = "-Owholemodule";
				VALIDATE_PRODUCT = YES;
			};
			name = Release;
		};
		7A1463682074085000861764 /* Debug */ = {
			isa = XCBuildConfiguration;
			buildSettings = {
				ASSETCATALOG_COMPILER_APPICON_NAME = AppIcon;
				CODE_SIGN_STYLE = Automatic;
				DEVELOPMENT_TEAM = 7PCRL22P9T;
				INFOPLIST_FILE = "World Traking/Info.plist";
				LD_RUNPATH_SEARCH_PATHS = "$(inherited) @executable_path/Frameworks";
				PRODUCT_BUNDLE_IDENTIFIER = "com.spartdark.World-Traking";
				PRODUCT_NAME = "$(TARGET_NAME)";
				SWIFT_VERSION = 4.0;
				TARGETED_DEVICE_FAMILY = "1,2";
			};
			name = Debug;
		};
		7A1463692074085000861764 /* Release */ = {
			isa = XCBuildConfiguration;
			buildSettings = {
				ASSETCATALOG_COMPILER_APPICON_NAME = AppIcon;
				CODE_SIGN_STYLE = Automatic;
				DEVELOPMENT_TEAM = 7PCRL22P9T;
				INFOPLIST_FILE = "World Traking/Info.plist";
				LD_RUNPATH_SEARCH_PATHS = "$(inherited) @executable_path/Frameworks";
				PRODUCT_BUNDLE_IDENTIFIER = "com.spartdark.World-Traking";
				PRODUCT_NAME = "$(TARGET_NAME)";
				SWIFT_VERSION = 4.0;
				TARGETED_DEVICE_FAMILY = "1,2";
			};
			name = Release;
		};
		7A14636B2074085000861764 /* Debug */ = {
			isa = XCBuildConfiguration;
			buildSettings = {
				ALWAYS_EMBED_SWIFT_STANDARD_LIBRARIES = YES;
				BUNDLE_LOADER = "$(TEST_HOST)";
				CODE_SIGN_STYLE = Automatic;
				DEVELOPMENT_TEAM = 7PCRL22P9T;
				INFOPLIST_FILE = "World TrakingTests/Info.plist";
				LD_RUNPATH_SEARCH_PATHS = "$(inherited) @executable_path/Frameworks @loader_path/Frameworks";
				PRODUCT_BUNDLE_IDENTIFIER = "com.spartdark.World-TrakingTests";
				PRODUCT_NAME = "$(TARGET_NAME)";
				SWIFT_VERSION = 4.0;
				TARGETED_DEVICE_FAMILY = "1,2";
				TEST_HOST = "$(BUILT_PRODUCTS_DIR)/World Traking.app/World Traking";
			};
			name = Debug;
		};
		7A14636C2074085000861764 /* Release */ = {
			isa = XCBuildConfiguration;
			buildSettings = {
				ALWAYS_EMBED_SWIFT_STANDARD_LIBRARIES = YES;
				BUNDLE_LOADER = "$(TEST_HOST)";
				CODE_SIGN_STYLE = Automatic;
				DEVELOPMENT_TEAM = 7PCRL22P9T;
				INFOPLIST_FILE = "World TrakingTests/Info.plist";
				LD_RUNPATH_SEARCH_PATHS = "$(inherited) @executable_path/Frameworks @loader_path/Frameworks";
				PRODUCT_BUNDLE_IDENTIFIER = "com.spartdark.World-TrakingTests";
				PRODUCT_NAME = "$(TARGET_NAME)";
				SWIFT_VERSION = 4.0;
				TARGETED_DEVICE_FAMILY = "1,2";
				TEST_HOST = "$(BUILT_PRODUCTS_DIR)/World Traking.app/World Traking";
			};
			name = Release;
		};
		7A14636E2074085000861764 /* Debug */ = {
			isa = XCBuildConfiguration;
			buildSettings = {
				ALWAYS_EMBED_SWIFT_STANDARD_LIBRARIES = YES;
				CODE_SIGN_STYLE = Automatic;
				DEVELOPMENT_TEAM = 7PCRL22P9T;
				INFOPLIST_FILE = "World TrakingUITests/Info.plist";
				LD_RUNPATH_SEARCH_PATHS = "$(inherited) @executable_path/Frameworks @loader_path/Frameworks";
				PRODUCT_BUNDLE_IDENTIFIER = "com.spartdark.World-TrakingUITests";
				PRODUCT_NAME = "$(TARGET_NAME)";
				SWIFT_VERSION = 4.0;
				TARGETED_DEVICE_FAMILY = "1,2";
				TEST_TARGET_NAME = "World Traking";
			};
			name = Debug;
		};
		7A14636F2074085000861764 /* Release */ = {
			isa = XCBuildConfiguration;
			buildSettings = {
				ALWAYS_EMBED_SWIFT_STANDARD_LIBRARIES = YES;
				CODE_SIGN_STYLE = Automatic;
				DEVELOPMENT_TEAM = 7PCRL22P9T;
				INFOPLIST_FILE = "World TrakingUITests/Info.plist";
				LD_RUNPATH_SEARCH_PATHS = "$(inherited) @executable_path/Frameworks @loader_path/Frameworks";
				PRODUCT_BUNDLE_IDENTIFIER = "com.spartdark.World-TrakingUITests";
				PRODUCT_NAME = "$(TARGET_NAME)";
				SWIFT_VERSION = 4.0;
				TARGETED_DEVICE_FAMILY = "1,2";
				TEST_TARGET_NAME = "World Traking";
			};
			name = Release;
		};
/* End XCBuildConfiguration section */

/* Begin XCConfigurationList section */
		7A14633A2074085000861764 /* Build configuration list for PBXProject "World Traking" */ = {
			isa = XCConfigurationList;
			buildConfigurations = (
				7A1463652074085000861764 /* Debug */,
				7A1463662074085000861764 /* Release */,
			);
			defaultConfigurationIsVisible = 0;
			defaultConfigurationName = Release;
		};
		7A1463672074085000861764 /* Build configuration list for PBXNativeTarget "World Traking" */ = {
			isa = XCConfigurationList;
			buildConfigurations = (
				7A1463682074085000861764 /* Debug */,
				7A1463692074085000861764 /* Release */,
			);
			defaultConfigurationIsVisible = 0;
			defaultConfigurationName = Release;
		};
		7A14636A2074085000861764 /* Build configuration list for PBXNativeTarget "World TrakingTests" */ = {
			isa = XCConfigurationList;
			buildConfigurations = (
				7A14636B2074085000861764 /* Debug */,
				7A14636C2074085000861764 /* Release */,
			);
			defaultConfigurationIsVisible = 0;
			defaultConfigurationName = Release;
		};
		7A14636D2074085000861764 /* Build configuration list for PBXNativeTarget "World TrakingUITests" */ = {
			isa = XCConfigurationList;
			buildConfigurations = (
				7A14636E2074085000861764 /* Debug */,
				7A14636F2074085000861764 /* Release */,
			);
			defaultConfigurationIsVisible = 0;
			defaultConfigurationName = Release;
		};
/* End XCConfigurationList section */
	};
	rootObject = 7A1463372074085000861764 /* Project object */;
}
